// !$*UTF8*$!
{
	archiveVersion = 1;
	classes = {
	};
	objectVersion = 46;
	objects = {

/* Begin PBXBuildFile section */
		34D970541CA124000074B2D5 /* VNSqliteDB.h in CopyFiles */ = {isa = PBXBuildFile; fileRef = 34D970531CA124000074B2D5 /* VNSqliteDB.h */; };
		34D970561CA124000074B2D5 /* VNSqliteDB.m in Sources */ = {isa = PBXBuildFile; fileRef = 34D970551CA124000074B2D5 /* VNSqliteDB.m */; };
		34D970631CA1248D0074B2D5 /* PersonDBTests.m in Sources */ = {isa = PBXBuildFile; fileRef = 34D970621CA1248D0074B2D5 /* PersonDBTests.m */; };
		34D970651CA1248D0074B2D5 /* libVNSqliteDB.a in Frameworks */ = {isa = PBXBuildFile; fileRef = 34D970501CA124000074B2D5 /* libVNSqliteDB.a */; };
/* End PBXBuildFile section */

/* Begin PBXContainerItemProxy section */
		34D970661CA1248D0074B2D5 /* PBXContainerItemProxy */ = {
			isa = PBXContainerItemProxy;
			containerPortal = 34D970481CA124000074B2D5 /* Project object */;
			proxyType = 1;
			remoteGlobalIDString = 34D9704F1CA124000074B2D5;
			remoteInfo = VNSqliteDB;
		};
/* End PBXContainerItemProxy section */

/* Begin PBXCopyFilesBuildPhase section */
		34D9704E1CA124000074B2D5 /* CopyFiles */ = {
			isa = PBXCopyFilesBuildPhase;
			buildActionMask = 2147483647;
			dstPath = "include/$(PRODUCT_NAME)";
			dstSubfolderSpec = 16;
			files = (
				34D970541CA124000074B2D5 /* VNSqliteDB.h in CopyFiles */,
			);
			runOnlyForDeploymentPostprocessing = 0;
		};
/* End PBXCopyFilesBuildPhase section */

/* Begin PBXFileReference section */
		34D970501CA124000074B2D5 /* libVNSqliteDB.a */ = {isa = PBXFileReference; explicitFileType = archive.ar; includeInIndex = 0; path = libVNSqliteDB.a; sourceTree = BUILT_PRODUCTS_DIR; };
		34D970531CA124000074B2D5 /* VNSqliteDB.h */ = {isa = PBXFileReference; lastKnownFileType = sourcecode.c.h; path = VNSqliteDB.h; sourceTree = "<group>"; };
		34D970551CA124000074B2D5 /* VNSqliteDB.m */ = {isa = PBXFileReference; lastKnownFileType = sourcecode.c.objc; path = VNSqliteDB.m; sourceTree = "<group>"; };
		34D970601CA1248D0074B2D5 /* VNSqliteDBTests.xctest */ = {isa = PBXFileReference; explicitFileType = wrapper.cfbundle; includeInIndex = 0; path = VNSqliteDBTests.xctest; sourceTree = BUILT_PRODUCTS_DIR; };
		34D970621CA1248D0074B2D5 /* PersonDBTests.m */ = {isa = PBXFileReference; lastKnownFileType = sourcecode.c.objc; path = PersonDBTests.m; sourceTree = "<group>"; };
		34D970641CA1248D0074B2D5 /* Info.plist */ = {isa = PBXFileReference; lastKnownFileType = text.plist.xml; path = Info.plist; sourceTree = "<group>"; };
/* End PBXFileReference section */

/* Begin PBXFrameworksBuildPhase section */
		34D9704D1CA124000074B2D5 /* Frameworks */ = {
			isa = PBXFrameworksBuildPhase;
			buildActionMask = 2147483647;
			files = (
			);
			runOnlyForDeploymentPostprocessing = 0;
		};
		34D9705D1CA1248D0074B2D5 /* Frameworks */ = {
			isa = PBXFrameworksBuildPhase;
			buildActionMask = 2147483647;
			files = (
				34D970651CA1248D0074B2D5 /* libVNSqliteDB.a in Frameworks */,
			);
			runOnlyForDeploymentPostprocessing = 0;
		};
/* End PBXFrameworksBuildPhase section */

/* Begin PBXGroup section */
		34D970471CA124000074B2D5 = {
			isa = PBXGroup;
			children = (
				34D970521CA124000074B2D5 /* VNSqliteDB */,
				34D970611CA1248D0074B2D5 /* VNSqliteDBTests */,
				34D970511CA124000074B2D5 /* Products */,
			);
			sourceTree = "<group>";
		};
		34D970511CA124000074B2D5 /* Products */ = {
			isa = PBXGroup;
			children = (
				34D970501CA124000074B2D5 /* libVNSqliteDB.a */,
				34D970601CA1248D0074B2D5 /* VNSqliteDBTests.xctest */,
			);
			name = Products;
			sourceTree = "<group>";
		};
		34D970521CA124000074B2D5 /* VNSqliteDB */ = {
			isa = PBXGroup;
			children = (
				34D970531CA124000074B2D5 /* VNSqliteDB.h */,
				34D970551CA124000074B2D5 /* VNSqliteDB.m */,
			);
			path = VNSqliteDB;
			sourceTree = "<group>";
		};
		34D970611CA1248D0074B2D5 /* VNSqliteDBTests */ = {
			isa = PBXGroup;
			children = (
				34D970621CA1248D0074B2D5 /* PersonDBTests.m */,
				34D970641CA1248D0074B2D5 /* Info.plist */,
			);
			path = VNSqliteDBTests;
			sourceTree = "<group>";
		};
/* End PBXGroup section */

/* Begin PBXNativeTarget section */
		34D9704F1CA124000074B2D5 /* VNSqliteDB */ = {
			isa = PBXNativeTarget;
			buildConfigurationList = 34D970591CA124000074B2D5 /* Build configuration list for PBXNativeTarget "VNSqliteDB" */;
			buildPhases = (
				34D9704C1CA124000074B2D5 /* Sources */,
				34D9704D1CA124000074B2D5 /* Frameworks */,
				34D9704E1CA124000074B2D5 /* CopyFiles */,
			);
			buildRules = (
			);
			dependencies = (
			);
			name = VNSqliteDB;
			productName = VNSqliteDB;
			productReference = 34D970501CA124000074B2D5 /* libVNSqliteDB.a */;
			productType = "com.apple.product-type.library.static";
		};
		34D9705F1CA1248D0074B2D5 /* VNSqliteDBTests */ = {
			isa = PBXNativeTarget;
			buildConfigurationList = 34D970681CA1248D0074B2D5 /* Build configuration list for PBXNativeTarget "VNSqliteDBTests" */;
			buildPhases = (
				34D9705C1CA1248D0074B2D5 /* Sources */,
				34D9705D1CA1248D0074B2D5 /* Frameworks */,
				34D9705E1CA1248D0074B2D5 /* Resources */,
			);
			buildRules = (
			);
			dependencies = (
				34D970671CA1248D0074B2D5 /* PBXTargetDependency */,
			);
			name = VNSqliteDBTests;
			productName = VNSqliteDBTests;
			productReference = 34D970601CA1248D0074B2D5 /* VNSqliteDBTests.xctest */;
			productType = "com.apple.product-type.bundle.unit-test";
		};
/* End PBXNativeTarget section */

/* Begin PBXProject section */
		34D970481CA124000074B2D5 /* Project object */ = {
			isa = PBXProject;
			attributes = {
				LastUpgradeCheck = 0720;
				ORGANIZATIONNAME = netmaid;
				TargetAttributes = {
					34D9704F1CA124000074B2D5 = {
						CreatedOnToolsVersion = 7.2.1;
					};
					34D9705F1CA1248D0074B2D5 = {
						CreatedOnToolsVersion = 7.2.1;
					};
				};
			};
			buildConfigurationList = 34D9704B1CA124000074B2D5 /* Build configuration list for PBXProject "VNSqliteDB" */;
			compatibilityVersion = "Xcode 3.2";
			developmentRegion = English;
			hasScannedForEncodings = 0;
			knownRegions = (
				en,
			);
			mainGroup = 34D970471CA124000074B2D5;
			productRefGroup = 34D970511CA124000074B2D5 /* Products */;
			projectDirPath = "";
			projectRoot = "";
			targets = (
				34D9704F1CA124000074B2D5 /* VNSqliteDB */,
				34D9705F1CA1248D0074B2D5 /* VNSqliteDBTests */,
			);
		};
/* End PBXProject section */

/* Begin PBXResourcesBuildPhase section */
		34D9705E1CA1248D0074B2D5 /* Resources */ = {
			isa = PBXResourcesBuildPhase;
			buildActionMask = 2147483647;
			files = (
			);
			runOnlyForDeploymentPostprocessing = 0;
		};
/* End PBXResourcesBuildPhase section */

/* Begin PBXSourcesBuildPhase section */
		34D9704C1CA124000074B2D5 /* Sources */ = {
			isa = PBXSourcesBuildPhase;
			buildActionMask = 2147483647;
			files = (
				34D970561CA124000074B2D5 /* VNSqliteDB.m in Sources */,
			);
			runOnlyForDeploymentPostprocessing = 0;
		};
		34D9705C1CA1248D0074B2D5 /* Sources */ = {
			isa = PBXSourcesBuildPhase;
			buildActionMask = 2147483647;
			files = (
				34D970631CA1248D0074B2D5 /* PersonDBTests.m in Sources */,
			);
			runOnlyForDeploymentPostprocessing = 0;
		};
/* End PBXSourcesBuildPhase section */

/* Begin PBXTargetDependency section */
		34D970671CA1248D0074B2D5 /* PBXTargetDependency */ = {
			isa = PBXTargetDependency;
			target = 34D9704F1CA124000074B2D5 /* VNSqliteDB */;
			targetProxy = 34D970661CA1248D0074B2D5 /* PBXContainerItemProxy */;
		};
/* End PBXTargetDependency section */

/* Begin XCBuildConfiguration section */
		34D970571CA124000074B2D5 /* Debug */ = {
			isa = XCBuildConfiguration;
			buildSettings = {
				ALWAYS_SEARCH_USER_PATHS = NO;
				CLANG_CXX_LANGUAGE_STANDARD = "gnu++0x";
				CLANG_CXX_LIBRARY = "libc++";
				CLANG_ENABLE_MODULES = YES;
				CLANG_ENABLE_OBJC_ARC = YES;
				CLANG_WARN_BOOL_CONVERSION = YES;
				CLANG_WARN_CONSTANT_CONVERSION = YES;
				CLANG_WARN_DIRECT_OBJC_ISA_USAGE = YES_ERROR;
				CLANG_WARN_EMPTY_BODY = YES;
				CLANG_WARN_ENUM_CONVERSION = YES;
				CLANG_WARN_INT_CONVERSION = YES;
				CLANG_WARN_OBJC_ROOT_CLASS = YES_ERROR;
				CLANG_WARN_UNREACHABLE_CODE = YES;
				CLANG_WARN__DUPLICATE_METHOD_MATCH = YES;
				"CODE_SIGN_IDENTITY[sdk=iphoneos*]" = "iPhone Developer";
				COPY_PHASE_STRIP = NO;
				DEBUG_INFORMATION_FORMAT = dwarf;
				ENABLE_STRICT_OBJC_MSGSEND = YES;
				ENABLE_TESTABILITY = YES;
				GCC_C_LANGUAGE_STANDARD = gnu99;
				GCC_DYNAMIC_NO_PIC = NO;
				GCC_NO_COMMON_BLOCKS = YES;
				GCC_OPTIMIZATION_LEVEL = 0;
				GCC_PREPROCESSOR_DEFINITIONS = (
					"DEBUG=1",
					"$(inherited)",
				);
				GCC_WARN_64_TO_32_BIT_CONVERSION = YES;
				GCC_WARN_ABOUT_RETURN_TYPE = YES_ERROR;
				GCC_WARN_UNDECLARED_SELECTOR = YES;
				GCC_WARN_UNINITIALIZED_AUTOS = YES_AGGRESSIVE;
				GCC_WARN_UNUSED_FUNCTION = YES;
				GCC_WARN_UNUSED_VARIABLE = YES;
				IPHONEOS_DEPLOYMENT_TARGET = 9.2;
				MTL_ENABLE_DEBUG_INFO = YES;
				ONLY_ACTIVE_ARCH = YES;
				OTHER_LDFLAGS = "-l\"sqlite3\"";
				SDKROOT = iphoneos;
			};
			name = Debug;
		};
		34D970581CA124000074B2D5 /* Release */ = {
			isa = XCBuildConfiguration;
			buildSettings = {
				ALWAYS_SEARCH_USER_PATHS = NO;
				CLANG_CXX_LANGUAGE_STANDARD = "gnu++0x";
				CLANG_CXX_LIBRARY = "libc++";
				CLANG_ENABLE_MODULES = YES;
				CLANG_ENABLE_OBJC_ARC = YES;
				CLANG_WARN_BOOL_CONVERSION = YES;
				CLANG_WARN_CONSTANT_CONVERSION = YES;
				CLANG_WARN_DIRECT_OBJC_ISA_USAGE = YES_ERROR;
				CLANG_WARN_EMPTY_BODY = YES;
				CLANG_WARN_ENUM_CONVERSION = YES;
				CLANG_WARN_INT_CONVERSION = YES;
				CLANG_WARN_OBJC_ROOT_CLASS = YES_ERROR;
				CLANG_WARN_UNREACHABLE_CODE = YES;
				CLANG_WARN__DUPLICATE_METHOD_MATCH = YES;
				"CODE_SIGN_IDENTITY[sdk=iphoneos*]" = "iPhone Developer";
				COPY_PHASE_STRIP = NO;
				DEBUG_INFORMATION_FORMAT = "dwarf-with-dsym";
				ENABLE_NS_ASSERTIONS = NO;
				ENABLE_STRICT_OBJC_MSGSEND = YES;
				GCC_C_LANGUAGE_STANDARD = gnu99;
				GCC_NO_COMMON_BLOCKS = YES;
				GCC_WARN_64_TO_32_BIT_CONVERSION = YES;
				GCC_WARN_ABOUT_RETURN_TYPE = YES_ERROR;
				GCC_WARN_UNDECLARED_SELECTOR = YES;
				GCC_WARN_UNINITIALIZED_AUTOS = YES_AGGRESSIVE;
				GCC_WARN_UNUSED_FUNCTION = YES;
				GCC_WARN_UNUSED_VARIABLE = YES;
				IPHONEOS_DEPLOYMENT_TARGET = 9.2;
				MTL_ENABLE_DEBUG_INFO = NO;
				OTHER_LDFLAGS = "-l\"sqlite3\"";
				SDKROOT = iphoneos;
				VALIDATE_PRODUCT = YES;
			};
			name = Release;
		};
		34D9705A1CA124000074B2D5 /* Debug */ = {
			isa = XCBuildConfiguration;
			buildSettings = {
				OTHER_LDFLAGS = "-ObjC";
				PRODUCT_NAME = "$(TARGET_NAME)";
				SKIP_INSTALL = YES;
			};
			name = Debug;
		};
		34D9705B1CA124000074B2D5 /* Release */ = {
			isa = XCBuildConfiguration;
			buildSettings = {
				OTHER_LDFLAGS = "-ObjC";
				PRODUCT_NAME = "$(TARGET_NAME)";
				SKIP_INSTALL = YES;
			};
			name = Release;
		};
		34D970691CA1248D0074B2D5 /* Debug */ = {
			isa = XCBuildConfiguration;
			buildSettings = {
				INFOPLIST_FILE = VNSqliteDBTests/Info.plist;
				LD_RUNPATH_SEARCH_PATHS = "$(inherited) @executable_path/Frameworks @loader_path/Frameworks";
				PRODUCT_BUNDLE_IDENTIFIER = com.netmaid.VNSqliteDBTests;
				PRODUCT_NAME = "$(TARGET_NAME)";
			};
			name = Debug;
		};
		34D9706A1CA1248D0074B2D5 /* Release */ = {
			isa = XCBuildConfiguration;
			buildSettings = {
				INFOPLIST_FILE = VNSqliteDBTests/Info.plist;
				LD_RUNPATH_SEARCH_PATHS = "$(inherited) @executable_path/Frameworks @loader_path/Frameworks";
				PRODUCT_BUNDLE_IDENTIFIER = com.netmaid.VNSqliteDBTests;
				PRODUCT_NAME = "$(TARGET_NAME)";
			};
			name = Release;
		};
/* End XCBuildConfiguration section */

/* Begin XCConfigurationList section */
		34D9704B1CA124000074B2D5 /* Build configuration list for PBXProject "VNSqliteDB" */ = {
			isa = XCConfigurationList;
			buildConfigurations = (
				34D970571CA124000074B2D5 /* Debug */,
				34D970581CA124000074B2D5 /* Release */,
			);
			defaultConfigurationIsVisible = 0;
			defaultConfigurationName = Release;
		};
		34D970591CA124000074B2D5 /* Build configuration list for PBXNativeTarget "VNSqliteDB" */ = {
			isa = XCConfigurationList;
			buildConfigurations = (
				34D9705A1CA124000074B2D5 /* Debug */,
				34D9705B1CA124000074B2D5 /* Release */,
			);
			defaultConfigurationIsVisible = 0;
		};
		34D970681CA1248D0074B2D5 /* Build configuration list for PBXNativeTarget "VNSqliteDBTests" */ = {
			isa = XCConfigurationList;
			buildConfigurations = (
				34D970691CA1248D0074B2D5 /* Debug */,
				34D9706A1CA1248D0074B2D5 /* Release */,
			);
			defaultConfigurationIsVisible = 0;
		};
/* End XCConfigurationList section */
	};
	rootObject = 34D970481CA124000074B2D5 /* Project object */;
}
